
Microsoft Visual Studio Solution File, Format Version 12.00
# Visual Studio Version 16
VisualStudioVersion = 16.0.31729.503
MinimumVisualStudioVersion = 10.0.40219.1
Project("{FAE04EC0-301F-11D3-BF4B-00C04F79EFBC}") = "RemontV1", "RemontV1\RemontV1.csproj", "{44401801-BD31-49BE-80E5-9395B6FCBC15}"
EndProject
Global
	GlobalSection(SolutionConfigurationPlatforms) = preSolution
		Debug|Any CPU = Debug|Any CPU
		Release|Any CPU = Release|Any CPU
	EndGlobalSection
	GlobalSection(ProjectConfigurationPlatforms) = postSolution
		{44401801-BD31-49BE-80E5-9395B6FCBC15}.Debug|Any CPU.ActiveCfg = Debug|Any CPU
		{44401801-BD31-49BE-80E5-9395B6FCBC15}.Debug|Any CPU.Build.0 = Debug|Any CPU
		{44401801-BD31-49BE-80E5-9395B6FCBC15}.Release|Any CPU.ActiveCfg = Release|Any CPU
		{44401801-BD31-49BE-80E5-9395B6FCBC15}.Release|Any CPU.Build.0 = Release|Any CPU
	EndGlobalSection
	GlobalSection(SolutionProperties) = preSolution
		HideSolutionNode = FALSE
	EndGlobalSection
	GlobalSection(ExtensibilityGlobals) = postSolution
		SolutionGuid = {D2D994F5-613D-4AE8-8C9D-5670C1915EC8}
	EndGlobalSection
EndGlobal
